{
  "name": "01-basic",
  "version": "1.0.0",
  "lockfileVersion": 3,
  "requires": true,
  "packages": {
    "": {
      "name": "01-basic",
      "version": "1.0.0",
      "license": "MIT",
      "dependencies": {
        "@sakirtemel/plantuml.js": "^1.0.0"
      }
    },
    "node_modules/@sakirtemel/plantuml.js": {
      "version": "1.0.0",
      "resolved": "https://registry.npmjs.org/@sakirtemel/plantuml.js/-/plantuml.js-1.0.0.tgz",
      "integrity": "sha512-K5ryi6+iCkJBrtpudX4LOjku8mRMl75jPabENlKN20mc6q1to5GqcFsLR8gDEXXGLQ6BQGPlzSMEPhiJ3X3/Dg=="
    }
  }
}
