{
  "name": "01-basic",
  "version": "1.0.0",
  "lockfileVersion": 3,
  "requires": true,
  "packages": {
    "": {
      "name": "01-basic",
      "version": "1.0.0",
      "license": "MIT",
      "dependencies": {
        "@sakirtemel/plantuml.js": "^1.0.1"
      }
    },
    "node_modules/@sakirtemel/plantuml.js": {
      "version": "1.0.1",
      "resolved": "https://registry.npmjs.org/@sakirtemel/plantuml.js/-/plantuml.js-1.0.1.tgz",
      "integrity": "sha512-Yp+AyFm7iCnYpuplkODViX7NuvwtxNygacGOdSKidom0chVmjUk7NfVd7bI5E9//S+9RLMMxtyMFcpgEiZ4OZQ=="
    }
  }
}
